%{"benchee": {:hex, :benchee, "0.3.0", "2032985a9d21a71ccbe5d6c4e78025315e8c3cc3e255f507a137995492e3f0be", [:mix], []},
  "benchee_csv": {:hex, :benchee_csv, "0.3.0", "df21ca4c76abcc6a08836f91f0b063684cd694befce6507d35bc36ad048b8ab3", [:mix], [{:csv, "~> 1.4.0", [hex: :csv, optional: false]}, {:benchee, "~> 0.3.0", [hex: :benchee, optional: false]}]},
  "benchfella": {:hex, :benchfella, "0.3.2", "b9648e77fa8d8b8b9fe8f54293bee63f7de03909b3af6ab22a0e546716a396fb", [:mix], []},
  "csv": {:hex, :csv, "1.4.2", "cedb2f230171e6d10423aee8ce90512833b07e978747cc836b0f2c037fcf779d", [:mix], [{:parallel_stream, "~> 1.0.4", [hex: :parallel_stream, optional: false]}]},
  "parallel_stream": {:hex, :parallel_stream, "1.0.5", "4c78d3e675f9eff885cbe252c89a8fc1d2fb803c0d03a914281e587834e09431", [:mix], []}}
