%{
  "benchee": {:git, "https://github.com/bencheeorg/benchee.git", "6b8583ca7fdbe384144377aa24b4e58fc8c8d342", []},
  "benchee_html": {:git, "https://github.com/bencheeorg/benchee_html.git", "ba581398ad947fa702780419d13f9d53a3df5f6d", []},
  "benchee_json": {:git, "https://github.com/PragTob/benchee_json.git", "552cd5b655a4a4fb75c1ca065b3effdc56630f54", []},
  "bunt": {:hex, :bunt, "0.2.0", "951c6e801e8b1d2cbe58ebbd3e616a869061ddadcc4863d0a2182541acae9a38", [:mix], [], "hexpm"},
  "credo": {:hex, :credo, "0.8.10", "261862bb7363247762e1063713bb85df2bbd84af8d8610d1272cd9c1943bba63", [:mix], [{:bunt, "~> 0.2.0", [hex: :bunt, repo: "hexpm", optional: false]}], "hexpm"},
  "deep_merge": {:hex, :deep_merge, "0.2.0", "c1050fa2edf4848b9f556fba1b75afc66608a4219659e3311d9c9427b5b680b3", [:mix], [], "hexpm"},
  "jason": {:hex, :jason, "1.1.2", "b03dedea67a99223a2eaf9f1264ce37154564de899fd3d8b9a21b1a6fd64afe7", [:mix], [{:decimal, "~> 1.0", [hex: :decimal, repo: "hexpm", optional: true]}], "hexpm"},
}
